
Microsoft Visual Studio Solution File, Format Version 12.00
# Visual Studio Version 17
VisualStudioVersion = 17.0.31808.319
MinimumVisualStudioVersion = 10.0.40219.1
Project("{9A19103F-16F7-4668-BE54-9A1E7A4F7556}") = "AInq.Background", "src\AInq.Background\AInq.Background.csproj", "{32974B40-5FD7-472F-A0C1-F6E0AE7FF0CD}"
EndProject
Project("{9A19103F-16F7-4668-BE54-9A1E7A4F7556}") = "AInq.Background.Abstraction", "src\AInq.Background.Abstraction\AInq.Background.Abstraction.csproj", "{6AEA85F7-4BD2-4757-8DED-CD8BB3A96AE4}"
EndProject
Project("{2150E333-8FDC-42A3-9474-1A3956D46DE8}") = "Packages", "Packages", "{3D6A0C84-C82A-4BDC-8120-6044DB3A6381}"
EndProject
Project("{2150E333-8FDC-42A3-9474-1A3956D46DE8}") = "Test", "Test", "{082BA690-9687-41B1-A520-0E81F9DBC7BD}"
EndProject
Project("{9A19103F-16F7-4668-BE54-9A1E7A4F7556}") = "AInq.Background.Test", "test\AInq.Background.Test\AInq.Background.Test.csproj", "{E1BD124B-09A7-4393-933F-501457180009}"
EndProject
Project("{9A19103F-16F7-4668-BE54-9A1E7A4F7556}") = "AInq.Background.Scheduler", "src\AInq.Background.Scheduler\AInq.Background.Scheduler.csproj", "{38C89E67-C73B-4F9D-87FC-3E0047DA4865}"
EndProject
Project("{9A19103F-16F7-4668-BE54-9A1E7A4F7556}") = "AInq.Background.Enumerable", "src\AInq.Background.Enumerable\AInq.Background.Enumerable.csproj", "{9815A9CC-F4EC-4C8E-BE60-468BF5BD020E}"
EndProject
Project("{9A19103F-16F7-4668-BE54-9A1E7A4F7556}") = "AInq.Background.Scheduler.Abstraction", "src\AInq.Background.Scheduler.Abstraction\AInq.Background.Scheduler.Abstraction.csproj", "{9756727B-8EC4-43C1-A70B-506E6D6B04FB}"
EndProject
Project("{9A19103F-16F7-4668-BE54-9A1E7A4F7556}") = "AInq.Background.Startup", "src\AInq.Background.Startup\AInq.Background.Startup.csproj", "{2E8DD8F4-4329-41D2-BD17-9A2931F887E1}"
EndProject
Project("{2150E333-8FDC-42A3-9474-1A3956D46DE8}") = "Solution Items", "Solution Items", "{332DB9DE-7EE6-4F14-BC8A-58BA69423158}"
	ProjectSection(SolutionItems) = preProject
		AInq.png = AInq.png
		Directory.Build.props = Directory.Build.props
		LICENSE = LICENSE
		README.md = README.md
	EndProjectSection
EndProject
Project("{2150E333-8FDC-42A3-9474-1A3956D46DE8}") = "Shared", "Shared", "{014AF3B5-C0F7-403A-BC90-2E2A28A5E710}"
	ProjectSection(SolutionItems) = preProject
		src\Shared\InjectedAccessFactory.cs = src\Shared\InjectedAccessFactory.cs
		src\Shared\InjectedWorkFactory.cs = src\Shared\InjectedWorkFactory.cs
		src\Shared\JetBrains.Annotations.cs = src\Shared\JetBrains.Annotations.cs
		src\Shared\QueuedAccessFactory.cs = src\Shared\QueuedAccessFactory.cs
		src\Shared\QueuedWorkFactory.cs = src\Shared\QueuedWorkFactory.cs
		src\Shared\ServiceProviderHelper.cs = src\Shared\ServiceProviderHelper.cs
	EndProjectSection
EndProject
Global
	GlobalSection(SolutionConfigurationPlatforms) = preSolution
		Debug|Any CPU = Debug|Any CPU
		Release|Any CPU = Release|Any CPU
	EndGlobalSection
	GlobalSection(ProjectConfigurationPlatforms) = postSolution
		{32974B40-5FD7-472F-A0C1-F6E0AE7FF0CD}.Debug|Any CPU.ActiveCfg = Debug|Any CPU
		{32974B40-5FD7-472F-A0C1-F6E0AE7FF0CD}.Debug|Any CPU.Build.0 = Debug|Any CPU
		{32974B40-5FD7-472F-A0C1-F6E0AE7FF0CD}.Release|Any CPU.ActiveCfg = Release|Any CPU
		{32974B40-5FD7-472F-A0C1-F6E0AE7FF0CD}.Release|Any CPU.Build.0 = Release|Any CPU
		{6AEA85F7-4BD2-4757-8DED-CD8BB3A96AE4}.Debug|Any CPU.ActiveCfg = Debug|Any CPU
		{6AEA85F7-4BD2-4757-8DED-CD8BB3A96AE4}.Debug|Any CPU.Build.0 = Debug|Any CPU
		{6AEA85F7-4BD2-4757-8DED-CD8BB3A96AE4}.Release|Any CPU.ActiveCfg = Release|Any CPU
		{6AEA85F7-4BD2-4757-8DED-CD8BB3A96AE4}.Release|Any CPU.Build.0 = Release|Any CPU
		{E1BD124B-09A7-4393-933F-501457180009}.Debug|Any CPU.ActiveCfg = Debug|Any CPU
		{E1BD124B-09A7-4393-933F-501457180009}.Debug|Any CPU.Build.0 = Debug|Any CPU
		{E1BD124B-09A7-4393-933F-501457180009}.Release|Any CPU.ActiveCfg = Release|Any CPU
		{E1BD124B-09A7-4393-933F-501457180009}.Release|Any CPU.Build.0 = Release|Any CPU
		{38C89E67-C73B-4F9D-87FC-3E0047DA4865}.Debug|Any CPU.ActiveCfg = Debug|Any CPU
		{38C89E67-C73B-4F9D-87FC-3E0047DA4865}.Debug|Any CPU.Build.0 = Debug|Any CPU
		{38C89E67-C73B-4F9D-87FC-3E0047DA4865}.Release|Any CPU.ActiveCfg = Release|Any CPU
		{38C89E67-C73B-4F9D-87FC-3E0047DA4865}.Release|Any CPU.Build.0 = Release|Any CPU
		{9815A9CC-F4EC-4C8E-BE60-468BF5BD020E}.Debug|Any CPU.ActiveCfg = Debug|Any CPU
		{9815A9CC-F4EC-4C8E-BE60-468BF5BD020E}.Debug|Any CPU.Build.0 = Debug|Any CPU
		{9815A9CC-F4EC-4C8E-BE60-468BF5BD020E}.Release|Any CPU.ActiveCfg = Release|Any CPU
		{9815A9CC-F4EC-4C8E-BE60-468BF5BD020E}.Release|Any CPU.Build.0 = Release|Any CPU
		{9756727B-8EC4-43C1-A70B-506E6D6B04FB}.Debug|Any CPU.ActiveCfg = Debug|Any CPU
		{9756727B-8EC4-43C1-A70B-506E6D6B04FB}.Debug|Any CPU.Build.0 = Debug|Any CPU
		{9756727B-8EC4-43C1-A70B-506E6D6B04FB}.Release|Any CPU.ActiveCfg = Release|Any CPU
		{9756727B-8EC4-43C1-A70B-506E6D6B04FB}.Release|Any CPU.Build.0 = Release|Any CPU
		{2E8DD8F4-4329-41D2-BD17-9A2931F887E1}.Debug|Any CPU.ActiveCfg = Debug|Any CPU
		{2E8DD8F4-4329-41D2-BD17-9A2931F887E1}.Debug|Any CPU.Build.0 = Debug|Any CPU
		{2E8DD8F4-4329-41D2-BD17-9A2931F887E1}.Release|Any CPU.ActiveCfg = Release|Any CPU
		{2E8DD8F4-4329-41D2-BD17-9A2931F887E1}.Release|Any CPU.Build.0 = Release|Any CPU
	EndGlobalSection
	GlobalSection(SolutionProperties) = preSolution
		HideSolutionNode = FALSE
	EndGlobalSection
	GlobalSection(NestedProjects) = preSolution
		{32974B40-5FD7-472F-A0C1-F6E0AE7FF0CD} = {3D6A0C84-C82A-4BDC-8120-6044DB3A6381}
		{6AEA85F7-4BD2-4757-8DED-CD8BB3A96AE4} = {3D6A0C84-C82A-4BDC-8120-6044DB3A6381}
		{E1BD124B-09A7-4393-933F-501457180009} = {082BA690-9687-41B1-A520-0E81F9DBC7BD}
		{38C89E67-C73B-4F9D-87FC-3E0047DA4865} = {3D6A0C84-C82A-4BDC-8120-6044DB3A6381}
		{9815A9CC-F4EC-4C8E-BE60-468BF5BD020E} = {3D6A0C84-C82A-4BDC-8120-6044DB3A6381}
		{9756727B-8EC4-43C1-A70B-506E6D6B04FB} = {3D6A0C84-C82A-4BDC-8120-6044DB3A6381}
		{2E8DD8F4-4329-41D2-BD17-9A2931F887E1} = {3D6A0C84-C82A-4BDC-8120-6044DB3A6381}
		{014AF3B5-C0F7-403A-BC90-2E2A28A5E710} = {332DB9DE-7EE6-4F14-BC8A-58BA69423158}
	EndGlobalSection
	GlobalSection(ExtensibilityGlobals) = postSolution
		SolutionGuid = {6F7DC389-4ECD-430D-8BE6-C057AF7470F9}
	EndGlobalSection
EndGlobal
